
Microsoft Visual Studio Solution File, Format Version 12.00
# Visual Studio 15
VisualStudioVersion = 15.0.27428.1
MinimumVisualStudioVersion = 10.0.40219.1
Project("{FAE04EC0-301F-11D3-BF4B-00C04F79EFBC}") = "IQiYiCrawler", "IQiYiCrawler\IQiYiCrawler.csproj", "{9384676D-F8BC-48C8-81D2-9D04446EE11B}"
EndProject
Global
	GlobalSection(SolutionConfigurationPlatforms) = preSolution
		Debug|Any CPU = Debug|Any CPU
		Release|Any CPU = Release|Any CPU
	EndGlobalSection
	GlobalSection(ProjectConfigurationPlatforms) = postSolution
		{9384676D-F8BC-48C8-81D2-9D04446EE11B}.Debug|Any CPU.ActiveCfg = Debug|Any CPU
		{9384676D-F8BC-48C8-81D2-9D04446EE11B}.Debug|Any CPU.Build.0 = Debug|Any CPU
		{9384676D-F8BC-48C8-81D2-9D04446EE11B}.Release|Any CPU.ActiveCfg = Release|Any CPU
		{9384676D-F8BC-48C8-81D2-9D04446EE11B}.Release|Any CPU.Build.0 = Release|Any CPU
	EndGlobalSection
	GlobalSection(SolutionProperties) = preSolution
		HideSolutionNode = FALSE
	EndGlobalSection
	GlobalSection(ExtensibilityGlobals) = postSolution
		SolutionGuid = {445627C3-356A-4F10-9EC3-66A89D6A7FDC}
	EndGlobalSection
EndGlobal
